// !$*UTF8*$!
{
	archiveVersion = 1;
	classes = {
	};
	objectVersion = 56;
	objects = {

/* Begin PBXBuildFile section */
		4BE7C0712B43ACFD00C03B3E /* AppDelegate.swift in Sources */ = {isa = PBXBuildFile; fileRef = 4BE7C0702B43ACFD00C03B3E /* AppDelegate.swift */; };
		4BE7C0732B43ACFD00C03B3E /* SceneDelegate.swift in Sources */ = {isa = PBXBuildFile; fileRef = 4BE7C0722B43ACFD00C03B3E /* SceneDelegate.swift */; };
		4BE7C0752B43ACFD00C03B3E /* ViewController.swift in Sources */ = {isa = PBXBuildFile; fileRef = 4BE7C0742B43ACFD00C03B3E /* ViewController.swift */; };
		4BE7C07A2B43ACFF00C03B3E /* Assets.xcassets in Resources */ = {isa = PBXBuildFile; fileRef = 4BE7C0792B43ACFF00C03B3E /* Assets.xcassets */; };
		4BE7C07D2B43ACFF00C03B3E /* LaunchScreen.storyboard in Resources */ = {isa = PBXBuildFile; fileRef = 4BE7C07B2B43ACFF00C03B3E /* LaunchScreen.storyboard */; };
		4BE7C0862B43ADAC00C03B3E /* SnapKit in Frameworks */ = {isa = PBXBuildFile; productRef = 4BE7C0852B43ADAC00C03B3E /* SnapKit */; };
		4BE7C08B2B43ADB600C03B3E /* Then in Frameworks */ = {isa = PBXBuildFile; productRef = 4BE7C08A2B43ADB600C03B3E /* Then */; };
		4BE7C08E2B43AE7A00C03B3E /* TrophyViewController.swift in Sources */ = {isa = PBXBuildFile; fileRef = 4BE7C08D2B43AE7A00C03B3E /* TrophyViewController.swift */; };
		4BE7C0922B43D86F00C03B3E /* TropyModel.swift in Sources */ = {isa = PBXBuildFile; fileRef = 4BE7C0912B43D86F00C03B3E /* TropyModel.swift */; };
		4BE7C0992B442A7800C03B3E /* BadgeViewController.swift in Sources */ = {isa = PBXBuildFile; fileRef = 4BE7C0982B442A7800C03B3E /* BadgeViewController.swift */; };
		4BE7C09C2B456AFC00C03B3E /* BadgeHistoryView.swift in Sources */ = {isa = PBXBuildFile; fileRef = 4BE7C09B2B456AFC00C03B3E /* BadgeHistoryView.swift */; };
		4BE7C09E2B456FDA00C03B3E /* BadgeHistoryDetailView.swift in Sources */ = {isa = PBXBuildFile; fileRef = 4BE7C09D2B456FDA00C03B3E /* BadgeHistoryDetailView.swift */; };
/* End PBXBuildFile section */

/* Begin PBXFileReference section */
		4BE7C06D2B43ACFD00C03B3E /* Github-Mobile.app */ = {isa = PBXFileReference; explicitFileType = wrapper.application; includeInIndex = 0; path = "Github-Mobile.app"; sourceTree = BUILT_PRODUCTS_DIR; };
		4BE7C0702B43ACFD00C03B3E /* AppDelegate.swift */ = {isa = PBXFileReference; lastKnownFileType = sourcecode.swift; path = AppDelegate.swift; sourceTree = "<group>"; };
		4BE7C0722B43ACFD00C03B3E /* SceneDelegate.swift */ = {isa = PBXFileReference; lastKnownFileType = sourcecode.swift; path = SceneDelegate.swift; sourceTree = "<group>"; };
		4BE7C0742B43ACFD00C03B3E /* ViewController.swift */ = {isa = PBXFileReference; lastKnownFileType = sourcecode.swift; path = ViewController.swift; sourceTree = "<group>"; };
		4BE7C0792B43ACFF00C03B3E /* Assets.xcassets */ = {isa = PBXFileReference; lastKnownFileType = folder.assetcatalog; path = Assets.xcassets; sourceTree = "<group>"; };
		4BE7C07C2B43ACFF00C03B3E /* Base */ = {isa = PBXFileReference; lastKnownFileType = file.storyboard; name = Base; path = Base.lproj/LaunchScreen.storyboard; sourceTree = "<group>"; };
		4BE7C07E2B43ACFF00C03B3E /* Info.plist */ = {isa = PBXFileReference; lastKnownFileType = text.plist.xml; path = Info.plist; sourceTree = "<group>"; };
		4BE7C08D2B43AE7A00C03B3E /* TrophyViewController.swift */ = {isa = PBXFileReference; lastKnownFileType = sourcecode.swift; path = TrophyViewController.swift; sourceTree = "<group>"; };
		4BE7C0912B43D86F00C03B3E /* TropyModel.swift */ = {isa = PBXFileReference; lastKnownFileType = sourcecode.swift; path = TropyModel.swift; sourceTree = "<group>"; };
		4BE7C0982B442A7800C03B3E /* BadgeViewController.swift */ = {isa = PBXFileReference; lastKnownFileType = sourcecode.swift; path = BadgeViewController.swift; sourceTree = "<group>"; };
		4BE7C09B2B456AFC00C03B3E /* BadgeHistoryView.swift */ = {isa = PBXFileReference; lastKnownFileType = sourcecode.swift; path = BadgeHistoryView.swift; sourceTree = "<group>"; };
		4BE7C09D2B456FDA00C03B3E /* BadgeHistoryDetailView.swift */ = {isa = PBXFileReference; lastKnownFileType = sourcecode.swift; path = BadgeHistoryDetailView.swift; sourceTree = "<group>"; };
/* End PBXFileReference section */

/* Begin PBXFrameworksBuildPhase section */
		4BE7C06A2B43ACFD00C03B3E /* Frameworks */ = {
			isa = PBXFrameworksBuildPhase;
			buildActionMask = 2147483647;
			files = (
				4BE7C0862B43ADAC00C03B3E /* SnapKit in Frameworks */,
				4BE7C08B2B43ADB600C03B3E /* Then in Frameworks */,
			);
			runOnlyForDeploymentPostprocessing = 0;
		};
/* End PBXFrameworksBuildPhase section */

/* Begin PBXGroup section */
		4BE7C0642B43ACFD00C03B3E = {
			isa = PBXGroup;
			children = (
				4BE7C06F2B43ACFD00C03B3E /* Github-Mobile */,
				4BE7C06E2B43ACFD00C03B3E /* Products */,
			);
			sourceTree = "<group>";
		};
		4BE7C06E2B43ACFD00C03B3E /* Products */ = {
			isa = PBXGroup;
			children = (
				4BE7C06D2B43ACFD00C03B3E /* Github-Mobile.app */,
			);
			name = Products;
			sourceTree = "<group>";
		};
		4BE7C06F2B43ACFD00C03B3E /* Github-Mobile */ = {
			isa = PBXGroup;
			children = (
				4BE7C0932B43D98A00C03B3E /* Resource */,
				4BE7C08C2B43AE1F00C03B3E /* Scene */,
				4BE7C0702B43ACFD00C03B3E /* AppDelegate.swift */,
				4BE7C0722B43ACFD00C03B3E /* SceneDelegate.swift */,
				4BE7C0742B43ACFD00C03B3E /* ViewController.swift */,
			);
			path = "Github-Mobile";
			sourceTree = "<group>";
		};
		4BE7C08C2B43AE1F00C03B3E /* Scene */ = {
			isa = PBXGroup;
			children = (
				4BE7C08F2B43AE8300C03B3E /* Trophy */,
			);
			path = Scene;
			sourceTree = "<group>";
		};
		4BE7C08F2B43AE8300C03B3E /* Trophy */ = {
			isa = PBXGroup;
			children = (
				4BE7C09A2B456A4300C03B3E /* Component */,
				4BE7C0902B43D85700C03B3E /* Model */,
				4BE7C08D2B43AE7A00C03B3E /* TrophyViewController.swift */,
				4BE7C0982B442A7800C03B3E /* BadgeViewController.swift */,
			);
			path = Trophy;
			sourceTree = "<group>";
		};
		4BE7C0902B43D85700C03B3E /* Model */ = {
			isa = PBXGroup;
			children = (
				4BE7C0912B43D86F00C03B3E /* TropyModel.swift */,
			);
			path = Model;
			sourceTree = "<group>";
		};
		4BE7C0932B43D98A00C03B3E /* Resource */ = {
			isa = PBXGroup;
			children = (
				4BE7C0792B43ACFF00C03B3E /* Assets.xcassets */,
				4BE7C07B2B43ACFF00C03B3E /* LaunchScreen.storyboard */,
				4BE7C07E2B43ACFF00C03B3E /* Info.plist */,
			);
			path = Resource;
			sourceTree = "<group>";
		};
		4BE7C09A2B456A4300C03B3E /* Component */ = {
			isa = PBXGroup;
			children = (
				4BE7C09B2B456AFC00C03B3E /* BadgeHistoryView.swift */,
				4BE7C09D2B456FDA00C03B3E /* BadgeHistoryDetailView.swift */,
			);
			path = Component;
			sourceTree = "<group>";
		};
/* End PBXGroup section */

/* Begin PBXNativeTarget section */
		4BE7C06C2B43ACFD00C03B3E /* Github-Mobile */ = {
			isa = PBXNativeTarget;
			buildConfigurationList = 4BE7C0812B43ACFF00C03B3E /* Build configuration list for PBXNativeTarget "Github-Mobile" */;
			buildPhases = (
				4BE7C0692B43ACFD00C03B3E /* Sources */,
				4BE7C06A2B43ACFD00C03B3E /* Frameworks */,
				4BE7C06B2B43ACFD00C03B3E /* Resources */,
			);
			buildRules = (
			);
			dependencies = (
			);
			name = "Github-Mobile";
			packageProductDependencies = (
				4BE7C0852B43ADAC00C03B3E /* SnapKit */,
				4BE7C08A2B43ADB600C03B3E /* Then */,
			);
			productName = "Github-Mobile";
			productReference = 4BE7C06D2B43ACFD00C03B3E /* Github-Mobile.app */;
			productType = "com.apple.product-type.application";
		};
/* End PBXNativeTarget section */

/* Begin PBXProject section */
		4BE7C0652B43ACFD00C03B3E /* Project object */ = {
			isa = PBXProject;
			attributes = {
				BuildIndependentTargetsInParallel = 1;
				LastSwiftUpdateCheck = 1500;
				LastUpgradeCheck = 1500;
				TargetAttributes = {
					4BE7C06C2B43ACFD00C03B3E = {
						CreatedOnToolsVersion = 15.0;
					};
				};
			};
			buildConfigurationList = 4BE7C0682B43ACFD00C03B3E /* Build configuration list for PBXProject "Github-Mobile" */;
			compatibilityVersion = "Xcode 14.0";
			developmentRegion = en;
			hasScannedForEncodings = 0;
			knownRegions = (
				en,
				Base,
			);
			mainGroup = 4BE7C0642B43ACFD00C03B3E;
			packageReferences = (
				4BE7C0842B43ADAC00C03B3E /* XCRemoteSwiftPackageReference "SnapKit" */,
				4BE7C0892B43ADB600C03B3E /* XCRemoteSwiftPackageReference "Then" */,
			);
			productRefGroup = 4BE7C06E2B43ACFD00C03B3E /* Products */;
			projectDirPath = "";
			projectRoot = "";
			targets = (
				4BE7C06C2B43ACFD00C03B3E /* Github-Mobile */,
			);
		};
/* End PBXProject section */

/* Begin PBXResourcesBuildPhase section */
		4BE7C06B2B43ACFD00C03B3E /* Resources */ = {
			isa = PBXResourcesBuildPhase;
			buildActionMask = 2147483647;
			files = (
				4BE7C07D2B43ACFF00C03B3E /* LaunchScreen.storyboard in Resources */,
				4BE7C07A2B43ACFF00C03B3E /* Assets.xcassets in Resources */,
			);
			runOnlyForDeploymentPostprocessing = 0;
		};
/* End PBXResourcesBuildPhase section */

/* Begin PBXSourcesBuildPhase section */
		4BE7C0692B43ACFD00C03B3E /* Sources */ = {
			isa = PBXSourcesBuildPhase;
			buildActionMask = 2147483647;
			files = (
				4BE7C0752B43ACFD00C03B3E /* ViewController.swift in Sources */,
				4BE7C0922B43D86F00C03B3E /* TropyModel.swift in Sources */,
				4BE7C09E2B456FDA00C03B3E /* BadgeHistoryDetailView.swift in Sources */,
				4BE7C0992B442A7800C03B3E /* BadgeViewController.swift in Sources */,
				4BE7C09C2B456AFC00C03B3E /* BadgeHistoryView.swift in Sources */,
				4BE7C0712B43ACFD00C03B3E /* AppDelegate.swift in Sources */,
				4BE7C08E2B43AE7A00C03B3E /* TrophyViewController.swift in Sources */,
				4BE7C0732B43ACFD00C03B3E /* SceneDelegate.swift in Sources */,
			);
			runOnlyForDeploymentPostprocessing = 0;
		};
/* End PBXSourcesBuildPhase section */

/* Begin PBXVariantGroup section */
		4BE7C07B2B43ACFF00C03B3E /* LaunchScreen.storyboard */ = {
			isa = PBXVariantGroup;
			children = (
				4BE7C07C2B43ACFF00C03B3E /* Base */,
			);
			name = LaunchScreen.storyboard;
			sourceTree = "<group>";
		};
/* End PBXVariantGroup section */

/* Begin XCBuildConfiguration section */
		4BE7C07F2B43ACFF00C03B3E /* Debug */ = {
			isa = XCBuildConfiguration;
			buildSettings = {
				ALWAYS_SEARCH_USER_PATHS = NO;
				ASSETCATALOG_COMPILER_GENERATE_SWIFT_ASSET_SYMBOL_EXTENSIONS = YES;
				CLANG_ANALYZER_NONNULL = YES;
				CLANG_ANALYZER_NUMBER_OBJECT_CONVERSION = YES_AGGRESSIVE;
				CLANG_CXX_LANGUAGE_STANDARD = "gnu++20";
				CLANG_ENABLE_MODULES = YES;
				CLANG_ENABLE_OBJC_ARC = YES;
				CLANG_ENABLE_OBJC_WEAK = YES;
				CLANG_WARN_BLOCK_CAPTURE_AUTORELEASING = YES;
				CLANG_WARN_BOOL_CONVERSION = YES;
				CLANG_WARN_COMMA = YES;
				CLANG_WARN_CONSTANT_CONVERSION = YES;
				CLANG_WARN_DEPRECATED_OBJC_IMPLEMENTATIONS = YES;
				CLANG_WARN_DIRECT_OBJC_ISA_USAGE = YES_ERROR;
				CLANG_WARN_DOCUMENTATION_COMMENTS = YES;
				CLANG_WARN_EMPTY_BODY = YES;
				CLANG_WARN_ENUM_CONVERSION = YES;
				CLANG_WARN_INFINITE_RECURSION = YES;
				CLANG_WARN_INT_CONVERSION = YES;
				CLANG_WARN_NON_LITERAL_NULL_CONVERSION = YES;
				CLANG_WARN_OBJC_IMPLICIT_RETAIN_SELF = YES;
				CLANG_WARN_OBJC_LITERAL_CONVERSION = YES;
				CLANG_WARN_OBJC_ROOT_CLASS = YES_ERROR;
				CLANG_WARN_QUOTED_INCLUDE_IN_FRAMEWORK_HEADER = YES;
				CLANG_WARN_RANGE_LOOP_ANALYSIS = YES;
				CLANG_WARN_STRICT_PROTOTYPES = YES;
				CLANG_WARN_SUSPICIOUS_MOVE = YES;
				CLANG_WARN_UNGUARDED_AVAILABILITY = YES_AGGRESSIVE;
				CLANG_WARN_UNREACHABLE_CODE = YES;
				CLANG_WARN__DUPLICATE_METHOD_MATCH = YES;
				COPY_PHASE_STRIP = NO;
				DEBUG_INFORMATION_FORMAT = dwarf;
				ENABLE_STRICT_OBJC_MSGSEND = YES;
				ENABLE_TESTABILITY = YES;
				ENABLE_USER_SCRIPT_SANDBOXING = YES;
				GCC_C_LANGUAGE_STANDARD = gnu17;
				GCC_DYNAMIC_NO_PIC = NO;
				GCC_NO_COMMON_BLOCKS = YES;
				GCC_OPTIMIZATION_LEVEL = 0;
				GCC_PREPROCESSOR_DEFINITIONS = (
					"DEBUG=1",
					"$(inherited)",
				);
				GCC_WARN_64_TO_32_BIT_CONVERSION = YES;
				GCC_WARN_ABOUT_RETURN_TYPE = YES_ERROR;
				GCC_WARN_UNDECLARED_SELECTOR = YES;
				GCC_WARN_UNINITIALIZED_AUTOS = YES_AGGRESSIVE;
				GCC_WARN_UNUSED_FUNCTION = YES;
				GCC_WARN_UNUSED_VARIABLE = YES;
				IPHONEOS_DEPLOYMENT_TARGET = 17.0;
				LOCALIZATION_PREFERS_STRING_CATALOGS = YES;
				MTL_ENABLE_DEBUG_INFO = INCLUDE_SOURCE;
				MTL_FAST_MATH = YES;
				ONLY_ACTIVE_ARCH = YES;
				SDKROOT = iphoneos;
				SWIFT_ACTIVE_COMPILATION_CONDITIONS = "DEBUG $(inherited)";
				SWIFT_OPTIMIZATION_LEVEL = "-Onone";
			};
			name = Debug;
		};
		4BE7C0802B43ACFF00C03B3E /* Release */ = {
			isa = XCBuildConfiguration;
			buildSettings = {
				ALWAYS_SEARCH_USER_PATHS = NO;
				ASSETCATALOG_COMPILER_GENERATE_SWIFT_ASSET_SYMBOL_EXTENSIONS = YES;
				CLANG_ANALYZER_NONNULL = YES;
				CLANG_ANALYZER_NUMBER_OBJECT_CONVERSION = YES_AGGRESSIVE;
				CLANG_CXX_LANGUAGE_STANDARD = "gnu++20";
				CLANG_ENABLE_MODULES = YES;
				CLANG_ENABLE_OBJC_ARC = YES;
				CLANG_ENABLE_OBJC_WEAK = YES;
				CLANG_WARN_BLOCK_CAPTURE_AUTORELEASING = YES;
				CLANG_WARN_BOOL_CONVERSION = YES;
				CLANG_WARN_COMMA = YES;
				CLANG_WARN_CONSTANT_CONVERSION = YES;
				CLANG_WARN_DEPRECATED_OBJC_IMPLEMENTATIONS = YES;
				CLANG_WARN_DIRECT_OBJC_ISA_USAGE = YES_ERROR;
				CLANG_WARN_DOCUMENTATION_COMMENTS = YES;
				CLANG_WARN_EMPTY_BODY = YES;
				CLANG_WARN_ENUM_CONVERSION = YES;
				CLANG_WARN_INFINITE_RECURSION = YES;
				CLANG_WARN_INT_CONVERSION = YES;
				CLANG_WARN_NON_LITERAL_NULL_CONVERSION = YES;
				CLANG_WARN_OBJC_IMPLICIT_RETAIN_SELF = YES;
				CLANG_WARN_OBJC_LITERAL_CONVERSION = YES;
				CLANG_WARN_OBJC_ROOT_CLASS = YES_ERROR;
				CLANG_WARN_QUOTED_INCLUDE_IN_FRAMEWORK_HEADER = YES;
				CLANG_WARN_RANGE_LOOP_ANALYSIS = YES;
				CLANG_WARN_STRICT_PROTOTYPES = YES;
				CLANG_WARN_SUSPICIOUS_MOVE = YES;
				CLANG_WARN_UNGUARDED_AVAILABILITY = YES_AGGRESSIVE;
				CLANG_WARN_UNREACHABLE_CODE = YES;
				CLANG_WARN__DUPLICATE_METHOD_MATCH = YES;
				COPY_PHASE_STRIP = NO;
				DEBUG_INFORMATION_FORMAT = "dwarf-with-dsym";
				ENABLE_NS_ASSERTIONS = NO;
				ENABLE_STRICT_OBJC_MSGSEND = YES;
				ENABLE_USER_SCRIPT_SANDBOXING = YES;
				GCC_C_LANGUAGE_STANDARD = gnu17;
				GCC_NO_COMMON_BLOCKS = YES;
				GCC_WARN_64_TO_32_BIT_CONVERSION = YES;
				GCC_WARN_ABOUT_RETURN_TYPE = YES_ERROR;
				GCC_WARN_UNDECLARED_SELECTOR = YES;
				GCC_WARN_UNINITIALIZED_AUTOS = YES_AGGRESSIVE;
				GCC_WARN_UNUSED_FUNCTION = YES;
				GCC_WARN_UNUSED_VARIABLE = YES;
				IPHONEOS_DEPLOYMENT_TARGET = 17.0;
				LOCALIZATION_PREFERS_STRING_CATALOGS = YES;
				MTL_ENABLE_DEBUG_INFO = NO;
				MTL_FAST_MATH = YES;
				SDKROOT = iphoneos;
				SWIFT_COMPILATION_MODE = wholemodule;
				VALIDATE_PRODUCT = YES;
			};
			name = Release;
		};
		4BE7C0822B43ACFF00C03B3E /* Debug */ = {
			isa = XCBuildConfiguration;
			buildSettings = {
				ASSETCATALOG_COMPILER_APPICON_NAME = AppIcon;
				ASSETCATALOG_COMPILER_GLOBAL_ACCENT_COLOR_NAME = AccentColor;
				CODE_SIGN_STYLE = Automatic;
				CURRENT_PROJECT_VERSION = 1;
				DEVELOPMENT_TEAM = 629Q9H7922;
				GENERATE_INFOPLIST_FILE = YES;
				INFOPLIST_FILE = "Github-Mobile/Resource/Info.plist";
				INFOPLIST_KEY_UIApplicationSupportsIndirectInputEvents = YES;
				INFOPLIST_KEY_UILaunchStoryboardName = LaunchScreen;
				INFOPLIST_KEY_UIMainStoryboardFile = "";
				INFOPLIST_KEY_UISupportedInterfaceOrientations_iPad = "UIInterfaceOrientationPortrait UIInterfaceOrientationPortraitUpsideDown UIInterfaceOrientationLandscapeLeft UIInterfaceOrientationLandscapeRight";
				INFOPLIST_KEY_UISupportedInterfaceOrientations_iPhone = "UIInterfaceOrientationPortrait UIInterfaceOrientationLandscapeLeft UIInterfaceOrientationLandscapeRight";
				LD_RUNPATH_SEARCH_PATHS = (
					"$(inherited)",
					"@executable_path/Frameworks",
				);
				MARKETING_VERSION = 1.0;
				PRODUCT_BUNDLE_IDENTIFIER = "com.github-mobile.Github-Mobile";
				PRODUCT_NAME = "$(TARGET_NAME)";
				SWIFT_EMIT_LOC_STRINGS = YES;
				SWIFT_VERSION = 5.0;
				TARGETED_DEVICE_FAMILY = "1,2";
			};
			name = Debug;
		};
		4BE7C0832B43ACFF00C03B3E /* Release */ = {
			isa = XCBuildConfiguration;
			buildSettings = {
				ASSETCATALOG_COMPILER_APPICON_NAME = AppIcon;
				ASSETCATALOG_COMPILER_GLOBAL_ACCENT_COLOR_NAME = AccentColor;
				CODE_SIGN_STYLE = Automatic;
				CURRENT_PROJECT_VERSION = 1;
				DEVELOPMENT_TEAM = 629Q9H7922;
				GENERATE_INFOPLIST_FILE = YES;
				INFOPLIST_FILE = "Github-Mobile/Resource/Info.plist";
				INFOPLIST_KEY_UIApplicationSupportsIndirectInputEvents = YES;
				INFOPLIST_KEY_UILaunchStoryboardName = LaunchScreen;
				INFOPLIST_KEY_UIMainStoryboardFile = "";
				INFOPLIST_KEY_UISupportedInterfaceOrientations_iPad = "UIInterfaceOrientationPortrait UIInterfaceOrientationPortraitUpsideDown UIInterfaceOrientationLandscapeLeft UIInterfaceOrientationLandscapeRight";
				INFOPLIST_KEY_UISupportedInterfaceOrientations_iPhone = "UIInterfaceOrientationPortrait UIInterfaceOrientationLandscapeLeft UIInterfaceOrientationLandscapeRight";
				LD_RUNPATH_SEARCH_PATHS = (
					"$(inherited)",
					"@executable_path/Frameworks",
				);
				MARKETING_VERSION = 1.0;
				PRODUCT_BUNDLE_IDENTIFIER = "com.github-mobile.Github-Mobile";
				PRODUCT_NAME = "$(TARGET_NAME)";
				SWIFT_EMIT_LOC_STRINGS = YES;
				SWIFT_VERSION = 5.0;
				TARGETED_DEVICE_FAMILY = "1,2";
			};
			name = Release;
		};
/* End XCBuildConfiguration section */

/* Begin XCConfigurationList section */
		4BE7C0682B43ACFD00C03B3E /* Build configuration list for PBXProject "Github-Mobile" */ = {
			isa = XCConfigurationList;
			buildConfigurations = (
				4BE7C07F2B43ACFF00C03B3E /* Debug */,
				4BE7C0802B43ACFF00C03B3E /* Release */,
			);
			defaultConfigurationIsVisible = 0;
			defaultConfigurationName = Release;
		};
		4BE7C0812B43ACFF00C03B3E /* Build configuration list for PBXNativeTarget "Github-Mobile" */ = {
			isa = XCConfigurationList;
			buildConfigurations = (
				4BE7C0822B43ACFF00C03B3E /* Debug */,
				4BE7C0832B43ACFF00C03B3E /* Release */,
			);
			defaultConfigurationIsVisible = 0;
			defaultConfigurationName = Release;
		};
/* End XCConfigurationList section */

/* Begin XCRemoteSwiftPackageReference section */
		4BE7C0842B43ADAC00C03B3E /* XCRemoteSwiftPackageReference "SnapKit" */ = {
			isa = XCRemoteSwiftPackageReference;
			repositoryURL = "https://github.com/SnapKit/SnapKit";
			requirement = {
				kind = upToNextMajorVersion;
				minimumVersion = 5.7.0;
			};
		};
		4BE7C0892B43ADB600C03B3E /* XCRemoteSwiftPackageReference "Then" */ = {
			isa = XCRemoteSwiftPackageReference;
			repositoryURL = "https://github.com/devxoul/Then";
			requirement = {
				kind = upToNextMajorVersion;
				minimumVersion = 3.0.0;
			};
		};
/* End XCRemoteSwiftPackageReference section */

/* Begin XCSwiftPackageProductDependency section */
		4BE7C0852B43ADAC00C03B3E /* SnapKit */ = {
			isa = XCSwiftPackageProductDependency;
			package = 4BE7C0842B43ADAC00C03B3E /* XCRemoteSwiftPackageReference "SnapKit" */;
			productName = SnapKit;
		};
		4BE7C08A2B43ADB600C03B3E /* Then */ = {
			isa = XCSwiftPackageProductDependency;
			package = 4BE7C0892B43ADB600C03B3E /* XCRemoteSwiftPackageReference "Then" */;
			productName = Then;
		};
/* End XCSwiftPackageProductDependency section */
	};
	rootObject = 4BE7C0652B43ACFD00C03B3E /* Project object */;
}
